
Microsoft Visual Studio Solution File, Format Version 12.00
# Visual Studio 2012
Project("{FAE04EC0-301F-11D3-BF4B-00C04F79EFBC}") = "GeoserverClient", "GeoserverClient\GeoserverClient.csproj", "{C56D4AA2-F03C-4A24-8A4B-B80E30237301}"
EndProject
Project("{FAE04EC0-301F-11D3-BF4B-00C04F79EFBC}") = "GeoserverClientWindowsForms", "GeoserverClientWindowsForms\GeoserverClientWindowsForms.csproj", "{3021A619-6A75-4C96-9B33-7B865C2FE49F}"
EndProject
Global
	GlobalSection(SolutionConfigurationPlatforms) = preSolution
		Debug|Any CPU = Debug|Any CPU
		Release|Any CPU = Release|Any CPU
	EndGlobalSection
	GlobalSection(ProjectConfigurationPlatforms) = postSolution
		{3021A619-6A75-4C96-9B33-7B865C2FE49F}.Debug|Any CPU.ActiveCfg = Debug|Any CPU
		{3021A619-6A75-4C96-9B33-7B865C2FE49F}.Debug|Any CPU.Build.0 = Debug|Any CPU
		{3021A619-6A75-4C96-9B33-7B865C2FE49F}.Release|Any CPU.ActiveCfg = Release|Any CPU
		{3021A619-6A75-4C96-9B33-7B865C2FE49F}.Release|Any CPU.Build.0 = Release|Any CPU
		{C56D4AA2-F03C-4A24-8A4B-B80E30237301}.Debug|Any CPU.ActiveCfg = Debug|Any CPU
		{C56D4AA2-F03C-4A24-8A4B-B80E30237301}.Debug|Any CPU.Build.0 = Debug|Any CPU
		{C56D4AA2-F03C-4A24-8A4B-B80E30237301}.Release|Any CPU.ActiveCfg = Release|Any CPU
		{C56D4AA2-F03C-4A24-8A4B-B80E30237301}.Release|Any CPU.Build.0 = Release|Any CPU
	EndGlobalSection
	GlobalSection(SolutionProperties) = preSolution
		HideSolutionNode = FALSE
	EndGlobalSection
EndGlobal
